
Microsoft Visual Studio Solution File, Format Version 12.00
# Visual Studio Version 17
VisualStudioVersion = 17.3.32929.385
MinimumVisualStudioVersion = 10.0.40219.1
Project("{FAE04EC0-301F-11D3-BF4B-00C04F79EFBC}") = "Mentor", "Mentor\Mentor.csproj", "{20EF40A1-042C-4EF7-BE24-7CD3C6F886FD}"
EndProject
Global
	GlobalSection(SolutionConfigurationPlatforms) = preSolution
		Debug|Any CPU = Debug|Any CPU
		Release|Any CPU = Release|Any CPU
	EndGlobalSection
	GlobalSection(ProjectConfigurationPlatforms) = postSolution
		{20EF40A1-042C-4EF7-BE24-7CD3C6F886FD}.Debug|Any CPU.ActiveCfg = Debug|Any CPU
		{20EF40A1-042C-4EF7-BE24-7CD3C6F886FD}.Debug|Any CPU.Build.0 = Debug|Any CPU
		{20EF40A1-042C-4EF7-BE24-7CD3C6F886FD}.Release|Any CPU.ActiveCfg = Release|Any CPU
		{20EF40A1-042C-4EF7-BE24-7CD3C6F886FD}.Release|Any CPU.Build.0 = Release|Any CPU
	EndGlobalSection
	GlobalSection(SolutionProperties) = preSolution
		HideSolutionNode = FALSE
	EndGlobalSection
	GlobalSection(ExtensibilityGlobals) = postSolution
		SolutionGuid = {B1CAA91D-831D-4B6C-BD92-7445A9C1E383}
	EndGlobalSection
EndGlobal
